
Microsoft Visual Studio Solution File, Format Version 12.00
# Visual Studio Version 16
VisualStudioVersion = 16.0.31005.135
MinimumVisualStudioVersion = 10.0.40219.1
Project("{FAE04EC0-301F-11D3-BF4B-00C04F79EFBC}") = "DOICMS.WebMVC", "DOICMS.WebMVC\DOICMS.WebMVC.csproj", "{73398863-EB2A-4249-88A4-2417AC18F902}"
EndProject
Project("{FAE04EC0-301F-11D3-BF4B-00C04F79EFBC}") = "DOICMS.Data", "DOICMS.Data\DOICMS.Data.csproj", "{1330079B-1BF6-455D-AA61-EEADA6DFB35D}"
EndProject
Project("{FAE04EC0-301F-11D3-BF4B-00C04F79EFBC}") = "DOICMS.Models", "DOICMS.Models\DOICMS.Models.csproj", "{43891141-3E65-44A4-BA7A-CA21E56D1E05}"
EndProject
Project("{FAE04EC0-301F-11D3-BF4B-00C04F79EFBC}") = "DOICMS.Services", "DOICMS.Services\DOICMS.Services.csproj", "{A7696687-E2AD-44AA-A754-D0EFD2950474}"
EndProject
Project("{FAE04EC0-301F-11D3-BF4B-00C04F79EFBC}") = "DOICMS.Contracts", "DOICMS.Contracts\DOICMS.Contracts.csproj", "{756AFCD6-9742-4B6C-A63D-07630161009C}"
EndProject
Project("{FAE04EC0-301F-11D3-BF4B-00C04F79EFBC}") = "DOICMS.Tests", "DOICMS.Tests\DOICMS.Tests.csproj", "{78B8D858-74B9-4AD0-B7A5-87D2061C0B44}"
EndProject
Global
	GlobalSection(SolutionConfigurationPlatforms) = preSolution
		Debug|Any CPU = Debug|Any CPU
		Release|Any CPU = Release|Any CPU
	EndGlobalSection
	GlobalSection(ProjectConfigurationPlatforms) = postSolution
		{73398863-EB2A-4249-88A4-2417AC18F902}.Debug|Any CPU.ActiveCfg = Debug|Any CPU
		{73398863-EB2A-4249-88A4-2417AC18F902}.Debug|Any CPU.Build.0 = Debug|Any CPU
		{73398863-EB2A-4249-88A4-2417AC18F902}.Release|Any CPU.ActiveCfg = Release|Any CPU
		{73398863-EB2A-4249-88A4-2417AC18F902}.Release|Any CPU.Build.0 = Release|Any CPU
		{1330079B-1BF6-455D-AA61-EEADA6DFB35D}.Debug|Any CPU.ActiveCfg = Debug|Any CPU
		{1330079B-1BF6-455D-AA61-EEADA6DFB35D}.Debug|Any CPU.Build.0 = Debug|Any CPU
		{1330079B-1BF6-455D-AA61-EEADA6DFB35D}.Release|Any CPU.ActiveCfg = Release|Any CPU
		{1330079B-1BF6-455D-AA61-EEADA6DFB35D}.Release|Any CPU.Build.0 = Release|Any CPU
		{43891141-3E65-44A4-BA7A-CA21E56D1E05}.Debug|Any CPU.ActiveCfg = Debug|Any CPU
		{43891141-3E65-44A4-BA7A-CA21E56D1E05}.Debug|Any CPU.Build.0 = Debug|Any CPU
		{43891141-3E65-44A4-BA7A-CA21E56D1E05}.Release|Any CPU.ActiveCfg = Release|Any CPU
		{43891141-3E65-44A4-BA7A-CA21E56D1E05}.Release|Any CPU.Build.0 = Release|Any CPU
		{A7696687-E2AD-44AA-A754-D0EFD2950474}.Debug|Any CPU.ActiveCfg = Debug|Any CPU
		{A7696687-E2AD-44AA-A754-D0EFD2950474}.Debug|Any CPU.Build.0 = Debug|Any CPU
		{A7696687-E2AD-44AA-A754-D0EFD2950474}.Release|Any CPU.ActiveCfg = Release|Any CPU
		{A7696687-E2AD-44AA-A754-D0EFD2950474}.Release|Any CPU.Build.0 = Release|Any CPU
		{756AFCD6-9742-4B6C-A63D-07630161009C}.Debug|Any CPU.ActiveCfg = Debug|Any CPU
		{756AFCD6-9742-4B6C-A63D-07630161009C}.Debug|Any CPU.Build.0 = Debug|Any CPU
		{756AFCD6-9742-4B6C-A63D-07630161009C}.Release|Any CPU.ActiveCfg = Release|Any CPU
		{756AFCD6-9742-4B6C-A63D-07630161009C}.Release|Any CPU.Build.0 = Release|Any CPU
		{78B8D858-74B9-4AD0-B7A5-87D2061C0B44}.Debug|Any CPU.ActiveCfg = Debug|Any CPU
		{78B8D858-74B9-4AD0-B7A5-87D2061C0B44}.Debug|Any CPU.Build.0 = Debug|Any CPU
		{78B8D858-74B9-4AD0-B7A5-87D2061C0B44}.Release|Any CPU.ActiveCfg = Release|Any CPU
		{78B8D858-74B9-4AD0-B7A5-87D2061C0B44}.Release|Any CPU.Build.0 = Release|Any CPU
	EndGlobalSection
	GlobalSection(SolutionProperties) = preSolution
		HideSolutionNode = FALSE
	EndGlobalSection
	GlobalSection(ExtensibilityGlobals) = postSolution
		SolutionGuid = {D78AFEDA-3D79-4902-BE58-A2031EBC6CB1}
	EndGlobalSection
EndGlobal
